// !$*UTF8*$!
{
	archiveVersion = 1;
	classes = {
	};
	objectVersion = 46;
	objects = {

/* Begin PBXBuildFile section */
		47DA40251C23F2CC0009DA98 /* main.m in Sources */ = {isa = PBXBuildFile; fileRef = 47DA40241C23F2CC0009DA98 /* main.m */; };
		47DA40281C23F2CC0009DA98 /* AppDelegate.m in Sources */ = {isa = PBXBuildFile; fileRef = 47DA40271C23F2CC0009DA98 /* AppDelegate.m */; };
		47DA402B1C23F2CC0009DA98 /* ViewController.m in Sources */ = {isa = PBXBuildFile; fileRef = 47DA402A1C23F2CC0009DA98 /* ViewController.m */; };
		47DA402E1C23F2CC0009DA98 /* Main.storyboard in Resources */ = {isa = PBXBuildFile; fileRef = 47DA402C1C23F2CC0009DA98 /* Main.storyboard */; };
		47DA40301C23F2CC0009DA98 /* Assets.xcassets in Resources */ = {isa = PBXBuildFile; fileRef = 47DA402F1C23F2CC0009DA98 /* Assets.xcassets */; };
		47DA40331C23F2CC0009DA98 /* LaunchScreen.storyboard in Resources */ = {isa = PBXBuildFile; fileRef = 47DA40311C23F2CC0009DA98 /* LaunchScreen.storyboard */; };
		47DA403E1C23F2CC0009DA98 /* VariousFunctionDemoTests.m in Sources */ = {isa = PBXBuildFile; fileRef = 47DA403D1C23F2CC0009DA98 /* VariousFunctionDemoTests.m */; };
		47DA40491C23F2CC0009DA98 /* VariousFunctionDemoUITests.m in Sources */ = {isa = PBXBuildFile; fileRef = 47DA40481C23F2CC0009DA98 /* VariousFunctionDemoUITests.m */; };
/* End PBXBuildFile section */

/* Begin PBXContainerItemProxy section */
		47DA403A1C23F2CC0009DA98 /* PBXContainerItemProxy */ = {
			isa = PBXContainerItemProxy;
			containerPortal = 47DA40181C23F2CC0009DA98 /* Project object */;
			proxyType = 1;
			remoteGlobalIDString = 47DA401F1C23F2CC0009DA98;
			remoteInfo = VariousFunctionDemo;
		};
		47DA40451C23F2CC0009DA98 /* PBXContainerItemProxy */ = {
			isa = PBXContainerItemProxy;
			containerPortal = 47DA40181C23F2CC0009DA98 /* Project object */;
			proxyType = 1;
			remoteGlobalIDString = 47DA401F1C23F2CC0009DA98;
			remoteInfo = VariousFunctionDemo;
		};
/* End PBXContainerItemProxy section */

/* Begin PBXFileReference section */
		47DA40201C23F2CC0009DA98 /* VariousFunctionDemo.app */ = {isa = PBXFileReference; explicitFileType = wrapper.application; includeInIndex = 0; path = VariousFunctionDemo.app; sourceTree = BUILT_PRODUCTS_DIR; };
		47DA40241C23F2CC0009DA98 /* main.m */ = {isa = PBXFileReference; lastKnownFileType = sourcecode.c.objc; path = main.m; sourceTree = "<group>"; };
		47DA40261C23F2CC0009DA98 /* AppDelegate.h */ = {isa = PBXFileReference; lastKnownFileType = sourcecode.c.h; path = AppDelegate.h; sourceTree = "<group>"; };
		47DA40271C23F2CC0009DA98 /* AppDelegate.m */ = {isa = PBXFileReference; lastKnownFileType = sourcecode.c.objc; path = AppDelegate.m; sourceTree = "<group>"; };
		47DA40291C23F2CC0009DA98 /* ViewController.h */ = {isa = PBXFileReference; lastKnownFileType = sourcecode.c.h; path = ViewController.h; sourceTree = "<group>"; };
		47DA402A1C23F2CC0009DA98 /* ViewController.m */ = {isa = PBXFileReference; lastKnownFileType = sourcecode.c.objc; path = ViewController.m; sourceTree = "<group>"; };
		47DA402D1C23F2CC0009DA98 /* Base */ = {isa = PBXFileReference; lastKnownFileType = file.storyboard; name = Base; path = Base.lproj/Main.storyboard; sourceTree = "<group>"; };
		47DA402F1C23F2CC0009DA98 /* Assets.xcassets */ = {isa = PBXFileReference; lastKnownFileType = folder.assetcatalog; path = Assets.xcassets; sourceTree = "<group>"; };
		47DA40321C23F2CC0009DA98 /* Base */ = {isa = PBXFileReference; lastKnownFileType = file.storyboard; name = Base; path = Base.lproj/LaunchScreen.storyboard; sourceTree = "<group>"; };
		47DA40341C23F2CC0009DA98 /* Info.plist */ = {isa = PBXFileReference; lastKnownFileType = text.plist.xml; path = Info.plist; sourceTree = "<group>"; };
		47DA40391C23F2CC0009DA98 /* VariousFunctionDemoTests.xctest */ = {isa = PBXFileReference; explicitFileType = wrapper.cfbundle; includeInIndex = 0; path = VariousFunctionDemoTests.xctest; sourceTree = BUILT_PRODUCTS_DIR; };
		47DA403D1C23F2CC0009DA98 /* VariousFunctionDemoTests.m */ = {isa = PBXFileReference; lastKnownFileType = sourcecode.c.objc; path = VariousFunctionDemoTests.m; sourceTree = "<group>"; };
		47DA403F1C23F2CC0009DA98 /* Info.plist */ = {isa = PBXFileReference; lastKnownFileType = text.plist.xml; path = Info.plist; sourceTree = "<group>"; };
		47DA40441C23F2CC0009DA98 /* VariousFunctionDemoUITests.xctest */ = {isa = PBXFileReference; explicitFileType = wrapper.cfbundle; includeInIndex = 0; path = VariousFunctionDemoUITests.xctest; sourceTree = BUILT_PRODUCTS_DIR; };
		47DA40481C23F2CC0009DA98 /* VariousFunctionDemoUITests.m */ = {isa = PBXFileReference; lastKnownFileType = sourcecode.c.objc; path = VariousFunctionDemoUITests.m; sourceTree = "<group>"; };
		47DA404A1C23F2CC0009DA98 /* Info.plist */ = {isa = PBXFileReference; lastKnownFileType = text.plist.xml; path = Info.plist; sourceTree = "<group>"; };
/* End PBXFileReference section */

/* Begin PBXFrameworksBuildPhase section */
		47DA401D1C23F2CC0009DA98 /* Frameworks */ = {
			isa = PBXFrameworksBuildPhase;
			buildActionMask = 2147483647;
			files = (
			);
			runOnlyForDeploymentPostprocessing = 0;
		};
		47DA40361C23F2CC0009DA98 /* Frameworks */ = {
			isa = PBXFrameworksBuildPhase;
			buildActionMask = 2147483647;
			files = (
			);
			runOnlyForDeploymentPostprocessing = 0;
		};
		47DA40411C23F2CC0009DA98 /* Frameworks */ = {
			isa = PBXFrameworksBuildPhase;
			buildActionMask = 2147483647;
			files = (
			);
			runOnlyForDeploymentPostprocessing = 0;
		};
/* End PBXFrameworksBuildPhase section */

/* Begin PBXGroup section */
		47DA40171C23F2CC0009DA98 = {
			isa = PBXGroup;
			children = (
				47DA40221C23F2CC0009DA98 /* VariousFunctionDemo */,
				47DA403C1C23F2CC0009DA98 /* VariousFunctionDemoTests */,
				47DA40471C23F2CC0009DA98 /* VariousFunctionDemoUITests */,
				47DA40211C23F2CC0009DA98 /* Products */,
			);
			sourceTree = "<group>";
		};
		47DA40211C23F2CC0009DA98 /* Products */ = {
			isa = PBXGroup;
			children = (
				47DA40201C23F2CC0009DA98 /* VariousFunctionDemo.app */,
				47DA40391C23F2CC0009DA98 /* VariousFunctionDemoTests.xctest */,
				47DA40441C23F2CC0009DA98 /* VariousFunctionDemoUITests.xctest */,
			);
			name = Products;
			sourceTree = "<group>";
		};
		47DA40221C23F2CC0009DA98 /* VariousFunctionDemo */ = {
			isa = PBXGroup;
			children = (
				47DA40261C23F2CC0009DA98 /* AppDelegate.h */,
				47DA40271C23F2CC0009DA98 /* AppDelegate.m */,
				47DA40291C23F2CC0009DA98 /* ViewController.h */,
				47DA402A1C23F2CC0009DA98 /* ViewController.m */,
				47DA402C1C23F2CC0009DA98 /* Main.storyboard */,
				47DA402F1C23F2CC0009DA98 /* Assets.xcassets */,
				47DA40311C23F2CC0009DA98 /* LaunchScreen.storyboard */,
				47DA40341C23F2CC0009DA98 /* Info.plist */,
				47DA40231C23F2CC0009DA98 /* Supporting Files */,
			);
			path = VariousFunctionDemo;
			sourceTree = "<group>";
		};
		47DA40231C23F2CC0009DA98 /* Supporting Files */ = {
			isa = PBXGroup;
			children = (
				47DA40241C23F2CC0009DA98 /* main.m */,
			);
			name = "Supporting Files";
			sourceTree = "<group>";
		};
		47DA403C1C23F2CC0009DA98 /* VariousFunctionDemoTests */ = {
			isa = PBXGroup;
			children = (
				47DA403D1C23F2CC0009DA98 /* VariousFunctionDemoTests.m */,
				47DA403F1C23F2CC0009DA98 /* Info.plist */,
			);
			path = VariousFunctionDemoTests;
			sourceTree = "<group>";
		};
		47DA40471C23F2CC0009DA98 /* VariousFunctionDemoUITests */ = {
			isa = PBXGroup;
			children = (
				47DA40481C23F2CC0009DA98 /* VariousFunctionDemoUITests.m */,
				47DA404A1C23F2CC0009DA98 /* Info.plist */,
			);
			path = VariousFunctionDemoUITests;
			sourceTree = "<group>";
		};
/* End PBXGroup section */

/* Begin PBXNativeTarget section */
		47DA401F1C23F2CC0009DA98 /* VariousFunctionDemo */ = {
			isa = PBXNativeTarget;
			buildConfigurationList = 47DA404D1C23F2CC0009DA98 /* Build configuration list for PBXNativeTarget "VariousFunctionDemo" */;
			buildPhases = (
				47DA401C1C23F2CC0009DA98 /* Sources */,
				47DA401D1C23F2CC0009DA98 /* Frameworks */,
				47DA401E1C23F2CC0009DA98 /* Resources */,
			);
			buildRules = (
			);
			dependencies = (
			);
			name = VariousFunctionDemo;
			productName = VariousFunctionDemo;
			productReference = 47DA40201C23F2CC0009DA98 /* VariousFunctionDemo.app */;
			productType = "com.apple.product-type.application";
		};
		47DA40381C23F2CC0009DA98 /* VariousFunctionDemoTests */ = {
			isa = PBXNativeTarget;
			buildConfigurationList = 47DA40501C23F2CC0009DA98 /* Build configuration list for PBXNativeTarget "VariousFunctionDemoTests" */;
			buildPhases = (
				47DA40351C23F2CC0009DA98 /* Sources */,
				47DA40361C23F2CC0009DA98 /* Frameworks */,
				47DA40371C23F2CC0009DA98 /* Resources */,
			);
			buildRules = (
			);
			dependencies = (
				47DA403B1C23F2CC0009DA98 /* PBXTargetDependency */,
			);
			name = VariousFunctionDemoTests;
			productName = VariousFunctionDemoTests;
			productReference = 47DA40391C23F2CC0009DA98 /* VariousFunctionDemoTests.xctest */;
			productType = "com.apple.product-type.bundle.unit-test";
		};
		47DA40431C23F2CC0009DA98 /* VariousFunctionDemoUITests */ = {
			isa = PBXNativeTarget;
			buildConfigurationList = 47DA40531C23F2CC0009DA98 /* Build configuration list for PBXNativeTarget "VariousFunctionDemoUITests" */;
			buildPhases = (
				47DA40401C23F2CC0009DA98 /* Sources */,
				47DA40411C23F2CC0009DA98 /* Frameworks */,
				47DA40421C23F2CC0009DA98 /* Resources */,
			);
			buildRules = (
			);
			dependencies = (
				47DA40461C23F2CC0009DA98 /* PBXTargetDependency */,
			);
			name = VariousFunctionDemoUITests;
			productName = VariousFunctionDemoUITests;
			productReference = 47DA40441C23F2CC0009DA98 /* VariousFunctionDemoUITests.xctest */;
			productType = "com.apple.product-type.bundle.ui-testing";
		};
/* End PBXNativeTarget section */

/* Begin PBXProject section */
		47DA40181C23F2CC0009DA98 /* Project object */ = {
			isa = PBXProject;
			attributes = {
				LastUpgradeCheck = 0720;
				ORGANIZATIONNAME = Cobb;
				TargetAttributes = {
					47DA401F1C23F2CC0009DA98 = {
						CreatedOnToolsVersion = 7.2;
					};
					47DA40381C23F2CC0009DA98 = {
						CreatedOnToolsVersion = 7.2;
						TestTargetID = 47DA401F1C23F2CC0009DA98;
					};
					47DA40431C23F2CC0009DA98 = {
						CreatedOnToolsVersion = 7.2;
						TestTargetID = 47DA401F1C23F2CC0009DA98;
					};
				};
			};
			buildConfigurationList = 47DA401B1C23F2CC0009DA98 /* Build configuration list for PBXProject "VariousFunctionDemo" */;
			compatibilityVersion = "Xcode 3.2";
			developmentRegion = English;
			hasScannedForEncodings = 0;
			knownRegions = (
				en,
				Base,
			);
			mainGroup = 47DA40171C23F2CC0009DA98;
			productRefGroup = 47DA40211C23F2CC0009DA98 /* Products */;
			projectDirPath = "";
			projectRoot = "";
			targets = (
				47DA401F1C23F2CC0009DA98 /* VariousFunctionDemo */,
				47DA40381C23F2CC0009DA98 /* VariousFunctionDemoTests */,
				47DA40431C23F2CC0009DA98 /* VariousFunctionDemoUITests */,
			);
		};
/* End PBXProject section */

/* Begin PBXResourcesBuildPhase section */
		47DA401E1C23F2CC0009DA98 /* Resources */ = {
			isa = PBXResourcesBuildPhase;
			buildActionMask = 2147483647;
			files = (
				47DA40331C23F2CC0009DA98 /* LaunchScreen.storyboard in Resources */,
				47DA40301C23F2CC0009DA98 /* Assets.xcassets in Resources */,
				47DA402E1C23F2CC0009DA98 /* Main.storyboard in Resources */,
			);
			runOnlyForDeploymentPostprocessing = 0;
		};
		47DA40371C23F2CC0009DA98 /* Resources */ = {
			isa = PBXResourcesBuildPhase;
			buildActionMask = 2147483647;
			files = (
			);
			runOnlyForDeploymentPostprocessing = 0;
		};
		47DA40421C23F2CC0009DA98 /* Resources */ = {
			isa = PBXResourcesBuildPhase;
			buildActionMask = 2147483647;
			files = (
			);
			runOnlyForDeploymentPostprocessing = 0;
		};
/* End PBXResourcesBuildPhase section */

/* Begin PBXSourcesBuildPhase section */
		47DA401C1C23F2CC0009DA98 /* Sources */ = {
			isa = PBXSourcesBuildPhase;
			buildActionMask = 2147483647;
			files = (
				47DA402B1C23F2CC0009DA98 /* ViewController.m in Sources */,
				47DA40281C23F2CC0009DA98 /* AppDelegate.m in Sources */,
				47DA40251C23F2CC0009DA98 /* main.m in Sources */,
			);
			runOnlyForDeploymentPostprocessing = 0;
		};
		47DA40351C23F2CC0009DA98 /* Sources */ = {
			isa = PBXSourcesBuildPhase;
			buildActionMask = 2147483647;
			files = (
				47DA403E1C23F2CC0009DA98 /* VariousFunctionDemoTests.m in Sources */,
			);
			runOnlyForDeploymentPostprocessing = 0;
		};
		47DA40401C23F2CC0009DA98 /* Sources */ = {
			isa = PBXSourcesBuildPhase;
			buildActionMask = 2147483647;
			files = (
				47DA40491C23F2CC0009DA98 /* VariousFunctionDemoUITests.m in Sources */,
			);
			runOnlyForDeploymentPostprocessing = 0;
		};
/* End PBXSourcesBuildPhase section */

/* Begin PBXTargetDependency section */
		47DA403B1C23F2CC0009DA98 /* PBXTargetDependency */ = {
			isa = PBXTargetDependency;
			target = 47DA401F1C23F2CC0009DA98 /* VariousFunctionDemo */;
			targetProxy = 47DA403A1C23F2CC0009DA98 /* PBXContainerItemProxy */;
		};
		47DA40461C23F2CC0009DA98 /* PBXTargetDependency */ = {
			isa = PBXTargetDependency;
			target = 47DA401F1C23F2CC0009DA98 /* VariousFunctionDemo */;
			targetProxy = 47DA40451C23F2CC0009DA98 /* PBXContainerItemProxy */;
		};
/* End PBXTargetDependency section */

/* Begin PBXVariantGroup section */
		47DA402C1C23F2CC0009DA98 /* Main.storyboard */ = {
			isa = PBXVariantGroup;
			children = (
				47DA402D1C23F2CC0009DA98 /* Base */,
			);
			name = Main.storyboard;
			sourceTree = "<group>";
		};
		47DA40311C23F2CC0009DA98 /* LaunchScreen.storyboard */ = {
			isa = PBXVariantGroup;
			children = (
				47DA40321C23F2CC0009DA98 /* Base */,
			);
			name = LaunchScreen.storyboard;
			sourceTree = "<group>";
		};
/* End PBXVariantGroup section */

/* Begin XCBuildConfiguration section */
		47DA404B1C23F2CC0009DA98 /* Debug */ = {
			isa = XCBuildConfiguration;
			buildSettings = {
				ALWAYS_SEARCH_USER_PATHS = NO;
				CLANG_CXX_LANGUAGE_STANDARD = "gnu++0x";
				CLANG_CXX_LIBRARY = "libc++";
				CLANG_ENABLE_MODULES = YES;
				CLANG_ENABLE_OBJC_ARC = YES;
				CLANG_WARN_BOOL_CONVERSION = YES;
				CLANG_WARN_CONSTANT_CONVERSION = YES;
				CLANG_WARN_DIRECT_OBJC_ISA_USAGE = YES_ERROR;
				CLANG_WARN_EMPTY_BODY = YES;
				CLANG_WARN_ENUM_CONVERSION = YES;
				CLANG_WARN_INT_CONVERSION = YES;
				CLANG_WARN_OBJC_ROOT_CLASS = YES_ERROR;
				CLANG_WARN_UNREACHABLE_CODE = YES;
				CLANG_WARN__DUPLICATE_METHOD_MATCH = YES;
				"CODE_SIGN_IDENTITY[sdk=iphoneos*]" = "iPhone Developer";
				COPY_PHASE_STRIP = NO;
				DEBUG_INFORMATION_FORMAT = dwarf;
				ENABLE_STRICT_OBJC_MSGSEND = YES;
				ENABLE_TESTABILITY = YES;
				GCC_C_LANGUAGE_STANDARD = gnu99;
				GCC_DYNAMIC_NO_PIC = NO;
				GCC_NO_COMMON_BLOCKS = YES;
				GCC_OPTIMIZATION_LEVEL = 0;
				GCC_PREPROCESSOR_DEFINITIONS = (
					"DEBUG=1",
					"$(inherited)",
				);
				GCC_WARN_64_TO_32_BIT_CONVERSION = YES;
				GCC_WARN_ABOUT_RETURN_TYPE = YES_ERROR;
				GCC_WARN_UNDECLARED_SELECTOR = YES;
				GCC_WARN_UNINITIALIZED_AUTOS = YES_AGGRESSIVE;
				GCC_WARN_UNUSED_FUNCTION = YES;
				GCC_WARN_UNUSED_VARIABLE = YES;
				IPHONEOS_DEPLOYMENT_TARGET = 9.2;
				MTL_ENABLE_DEBUG_INFO = YES;
				ONLY_ACTIVE_ARCH = YES;
				SDKROOT = iphoneos;
				TARGETED_DEVICE_FAMILY = "1,2";
			};
			name = Debug;
		};
		47DA404C1C23F2CC0009DA98 /* Release */ = {
			isa = XCBuildConfiguration;
			buildSettings = {
				ALWAYS_SEARCH_USER_PATHS = NO;
				CLANG_CXX_LANGUAGE_STANDARD = "gnu++0x";
				CLANG_CXX_LIBRARY = "libc++";
				CLANG_ENABLE_MODULES = YES;
				CLANG_ENABLE_OBJC_ARC = YES;
				CLANG_WARN_BOOL_CONVERSION = YES;
				CLANG_WARN_CONSTANT_CONVERSION = YES;
				CLANG_WARN_DIRECT_OBJC_ISA_USAGE = YES_ERROR;
				CLANG_WARN_EMPTY_BODY = YES;
				CLANG_WARN_ENUM_CONVERSION = YES;
				CLANG_WARN_INT_CONVERSION = YES;
				CLANG_WARN_OBJC_ROOT_CLASS = YES_ERROR;
				CLANG_WARN_UNREACHABLE_CODE = YES;
				CLANG_WARN__DUPLICATE_METHOD_MATCH = YES;
				"CODE_SIGN_IDENTITY[sdk=iphoneos*]" = "iPhone Developer";
				COPY_PHASE_STRIP = NO;
				DEBUG_INFORMATION_FORMAT = "dwarf-with-dsym";
				ENABLE_NS_ASSERTIONS = NO;
				ENABLE_STRICT_OBJC_MSGSEND = YES;
				GCC_C_LANGUAGE_STANDARD = gnu99;
				GCC_NO_COMMON_BLOCKS = YES;
				GCC_WARN_64_TO_32_BIT_CONVERSION = YES;
				GCC_WARN_ABOUT_RETURN_TYPE = YES_ERROR;
				GCC_WARN_UNDECLARED_SELECTOR = YES;
				GCC_WARN_UNINITIALIZED_AUTOS = YES_AGGRESSIVE;
				GCC_WARN_UNUSED_FUNCTION = YES;
				GCC_WARN_UNUSED_VARIABLE = YES;
				IPHONEOS_DEPLOYMENT_TARGET = 9.2;
				MTL_ENABLE_DEBUG_INFO = NO;
				SDKROOT = iphoneos;
				TARGETED_DEVICE_FAMILY = "1,2";
				VALIDATE_PRODUCT = YES;
			};
			name = Release;
		};
		47DA404E1C23F2CC0009DA98 /* Debug */ = {
			isa = XCBuildConfiguration;
			buildSettings = {
				ASSETCATALOG_COMPILER_APPICON_NAME = AppIcon;
				INFOPLIST_FILE = VariousFunctionDemo/Info.plist;
				LD_RUNPATH_SEARCH_PATHS = "$(inherited) @executable_path/Frameworks";
				PRODUCT_BUNDLE_IDENTIFIER = MeiZhi.VariousFunctionDemo;
				PRODUCT_NAME = "$(TARGET_NAME)";
			};
			name = Debug;
		};
		47DA404F1C23F2CC0009DA98 /* Release */ = {
			isa = XCBuildConfiguration;
			buildSettings = {
				ASSETCATALOG_COMPILER_APPICON_NAME = AppIcon;
				INFOPLIST_FILE = VariousFunctionDemo/Info.plist;
				LD_RUNPATH_SEARCH_PATHS = "$(inherited) @executable_path/Frameworks";
				PRODUCT_BUNDLE_IDENTIFIER = MeiZhi.VariousFunctionDemo;
				PRODUCT_NAME = "$(TARGET_NAME)";
			};
			name = Release;
		};
		47DA40511C23F2CC0009DA98 /* Debug */ = {
			isa = XCBuildConfiguration;
			buildSettings = {
				BUNDLE_LOADER = "$(TEST_HOST)";
				INFOPLIST_FILE = VariousFunctionDemoTests/Info.plist;
				LD_RUNPATH_SEARCH_PATHS = "$(inherited) @executable_path/Frameworks @loader_path/Frameworks";
				PRODUCT_BUNDLE_IDENTIFIER = MeiZhi.VariousFunctionDemoTests;
				PRODUCT_NAME = "$(TARGET_NAME)";
				TEST_HOST = "$(BUILT_PRODUCTS_DIR)/VariousFunctionDemo.app/VariousFunctionDemo";
			};
			name = Debug;
		};
		47DA40521C23F2CC0009DA98 /* Release */ = {
			isa = XCBuildConfiguration;
			buildSettings = {
				BUNDLE_LOADER = "$(TEST_HOST)";
				INFOPLIST_FILE = VariousFunctionDemoTests/Info.plist;
				LD_RUNPATH_SEARCH_PATHS = "$(inherited) @executable_path/Frameworks @loader_path/Frameworks";
				PRODUCT_BUNDLE_IDENTIFIER = MeiZhi.VariousFunctionDemoTests;
				PRODUCT_NAME = "$(TARGET_NAME)";
				TEST_HOST = "$(BUILT_PRODUCTS_DIR)/VariousFunctionDemo.app/VariousFunctionDemo";
			};
			name = Release;
		};
		47DA40541C23F2CC0009DA98 /* Debug */ = {
			isa = XCBuildConfiguration;
			buildSettings = {
				INFOPLIST_FILE = VariousFunctionDemoUITests/Info.plist;
				LD_RUNPATH_SEARCH_PATHS = "$(inherited) @executable_path/Frameworks @loader_path/Frameworks";
				PRODUCT_BUNDLE_IDENTIFIER = MeiZhi.VariousFunctionDemoUITests;
				PRODUCT_NAME = "$(TARGET_NAME)";
				TEST_TARGET_NAME = VariousFunctionDemo;
				USES_XCTRUNNER = YES;
			};
			name = Debug;
		};
		47DA40551C23F2CC0009DA98 /* Release */ = {
			isa = XCBuildConfiguration;
			buildSettings = {
				INFOPLIST_FILE = VariousFunctionDemoUITests/Info.plist;
				LD_RUNPATH_SEARCH_PATHS = "$(inherited) @executable_path/Frameworks @loader_path/Frameworks";
				PRODUCT_BUNDLE_IDENTIFIER = MeiZhi.VariousFunctionDemoUITests;
				PRODUCT_NAME = "$(TARGET_NAME)";
				TEST_TARGET_NAME = VariousFunctionDemo;
				USES_XCTRUNNER = YES;
			};
			name = Release;
		};
/* End XCBuildConfiguration section */

/* Begin XCConfigurationList section */
		47DA401B1C23F2CC0009DA98 /* Build configuration list for PBXProject "VariousFunctionDemo" */ = {
			isa = XCConfigurationList;
			buildConfigurations = (
				47DA404B1C23F2CC0009DA98 /* Debug */,
				47DA404C1C23F2CC0009DA98 /* Release */,
			);
			defaultConfigurationIsVisible = 0;
			defaultConfigurationName = Release;
		};
		47DA404D1C23F2CC0009DA98 /* Build configuration list for PBXNativeTarget "VariousFunctionDemo" */ = {
			isa = XCConfigurationList;
			buildConfigurations = (
				47DA404E1C23F2CC0009DA98 /* Debug */,
				47DA404F1C23F2CC0009DA98 /* Release */,
			);
			defaultConfigurationIsVisible = 0;
		};
		47DA40501C23F2CC0009DA98 /* Build configuration list for PBXNativeTarget "VariousFunctionDemoTests" */ = {
			isa = XCConfigurationList;
			buildConfigurations = (
				47DA40511C23F2CC0009DA98 /* Debug */,
				47DA40521C23F2CC0009DA98 /* Release */,
			);
			defaultConfigurationIsVisible = 0;
		};
		47DA40531C23F2CC0009DA98 /* Build configuration list for PBXNativeTarget "VariousFunctionDemoUITests" */ = {
			isa = XCConfigurationList;
			buildConfigurations = (
				47DA40541C23F2CC0009DA98 /* Debug */,
				47DA40551C23F2CC0009DA98 /* Release */,
			);
			defaultConfigurationIsVisible = 0;
		};
/* End XCConfigurationList section */
	};
	rootObject = 47DA40181C23F2CC0009DA98 /* Project object */;
}
